
Microsoft Visual Studio Solution File, Format Version 12.00
# Visual Studio 15
VisualStudioVersion = 15.0.26430.13
MinimumVisualStudioVersion = 10.0.40219.1
Project("{FAE04EC0-301F-11D3-BF4B-00C04F79EFBC}") = "EmbeddedFileHelper", "EmbeddedFileHelper\EmbeddedFileHelper.csproj", "{4C0CFE72-BCE5-4729-8BE0-B98C40266D68}"
EndProject
Project("{FAE04EC0-301F-11D3-BF4B-00C04F79EFBC}") = "ESComponent", "ESComponent\ESComponent.csproj", "{912790F1-0DDA-4F9E-9B79-1105471FE3FF}"
EndProject
Project("{FAE04EC0-301F-11D3-BF4B-00C04F79EFBC}") = "ESDevice", "ESDevice\ESDevice.csproj", "{0677B398-3D62-45D2-9788-867675F113E6}"
EndProject
Project("{FAE04EC0-301F-11D3-BF4B-00C04F79EFBC}") = "HIDAdapter", "HIDAdapter\HIDAdapter.csproj", "{5C561B26-0D08-41DE-82FD-EE3EC0DC3318}"
EndProject
Project("{FAE04EC0-301F-11D3-BF4B-00C04F79EFBC}") = "SerialPortAdapter", "SerialPortAdapter\SerialPortAdapter.csproj", "{FACDA6FD-FED9-4C3D-BE55-C68195C7455B}"
EndProject
Project("{FAE04EC0-301F-11D3-BF4B-00C04F79EFBC}") = "ESUtilities", "Utilities\ESUtilities.csproj", "{D1148B36-1D95-4F5F-A30C-F7263C937ED0}"
EndProject
Project("{FAE04EC0-301F-11D3-BF4B-00C04F79EFBC}") = "UtilitiesDatabase", "UtilitiesDataBase\UtilitiesDatabase.csproj", "{09CEACE7-CFD1-404A-854A-4700D713F7EC}"
EndProject
Project("{2150E333-8FDC-42A3-9474-1A3956D46DE8}") = "common", "common", "{D158B148-2C09-481A-8FA3-C33FD91317E7}"
EndProject
Project("{2150E333-8FDC-42A3-9474-1A3956D46DE8}") = "infrastructure", "infrastructure", "{0BD1EAEC-AF93-45C3-96E8-2D51BB6ED095}"
EndProject
Project("{2150E333-8FDC-42A3-9474-1A3956D46DE8}") = "drivers", "drivers", "{B71F6B94-2EF8-4160-ADD1-663DC4342341}"
EndProject
Project("{2150E333-8FDC-42A3-9474-1A3956D46DE8}") = "apps", "apps", "{75FF325C-6D79-4DC0-BACE-701A7A34504F}"
EndProject
Global
	GlobalSection(SolutionConfigurationPlatforms) = preSolution
		Debug|Any CPU = Debug|Any CPU
		Release|Any CPU = Release|Any CPU
	EndGlobalSection
	GlobalSection(ProjectConfigurationPlatforms) = postSolution
		{4C0CFE72-BCE5-4729-8BE0-B98C40266D68}.Debug|Any CPU.ActiveCfg = Debug|Any CPU
		{4C0CFE72-BCE5-4729-8BE0-B98C40266D68}.Debug|Any CPU.Build.0 = Debug|Any CPU
		{4C0CFE72-BCE5-4729-8BE0-B98C40266D68}.Release|Any CPU.ActiveCfg = Release|Any CPU
		{4C0CFE72-BCE5-4729-8BE0-B98C40266D68}.Release|Any CPU.Build.0 = Release|Any CPU
		{912790F1-0DDA-4F9E-9B79-1105471FE3FF}.Debug|Any CPU.ActiveCfg = Debug|Any CPU
		{912790F1-0DDA-4F9E-9B79-1105471FE3FF}.Debug|Any CPU.Build.0 = Debug|Any CPU
		{912790F1-0DDA-4F9E-9B79-1105471FE3FF}.Release|Any CPU.ActiveCfg = Release|Any CPU
		{912790F1-0DDA-4F9E-9B79-1105471FE3FF}.Release|Any CPU.Build.0 = Release|Any CPU
		{0677B398-3D62-45D2-9788-867675F113E6}.Debug|Any CPU.ActiveCfg = Debug|Any CPU
		{0677B398-3D62-45D2-9788-867675F113E6}.Debug|Any CPU.Build.0 = Debug|Any CPU
		{0677B398-3D62-45D2-9788-867675F113E6}.Release|Any CPU.ActiveCfg = Release|Any CPU
		{0677B398-3D62-45D2-9788-867675F113E6}.Release|Any CPU.Build.0 = Release|Any CPU
		{5C561B26-0D08-41DE-82FD-EE3EC0DC3318}.Debug|Any CPU.ActiveCfg = Debug|Any CPU
		{5C561B26-0D08-41DE-82FD-EE3EC0DC3318}.Debug|Any CPU.Build.0 = Debug|Any CPU
		{5C561B26-0D08-41DE-82FD-EE3EC0DC3318}.Release|Any CPU.ActiveCfg = Release|Any CPU
		{5C561B26-0D08-41DE-82FD-EE3EC0DC3318}.Release|Any CPU.Build.0 = Release|Any CPU
		{FACDA6FD-FED9-4C3D-BE55-C68195C7455B}.Debug|Any CPU.ActiveCfg = Debug|Any CPU
		{FACDA6FD-FED9-4C3D-BE55-C68195C7455B}.Debug|Any CPU.Build.0 = Debug|Any CPU
		{FACDA6FD-FED9-4C3D-BE55-C68195C7455B}.Release|Any CPU.ActiveCfg = Release|Any CPU
		{FACDA6FD-FED9-4C3D-BE55-C68195C7455B}.Release|Any CPU.Build.0 = Release|Any CPU
		{D1148B36-1D95-4F5F-A30C-F7263C937ED0}.Debug|Any CPU.ActiveCfg = Debug|Any CPU
		{D1148B36-1D95-4F5F-A30C-F7263C937ED0}.Debug|Any CPU.Build.0 = Debug|Any CPU
		{D1148B36-1D95-4F5F-A30C-F7263C937ED0}.Release|Any CPU.ActiveCfg = Release|Any CPU
		{D1148B36-1D95-4F5F-A30C-F7263C937ED0}.Release|Any CPU.Build.0 = Release|Any CPU
		{09CEACE7-CFD1-404A-854A-4700D713F7EC}.Debug|Any CPU.ActiveCfg = Debug|Any CPU
		{09CEACE7-CFD1-404A-854A-4700D713F7EC}.Debug|Any CPU.Build.0 = Debug|Any CPU
		{09CEACE7-CFD1-404A-854A-4700D713F7EC}.Release|Any CPU.ActiveCfg = Release|Any CPU
		{09CEACE7-CFD1-404A-854A-4700D713F7EC}.Release|Any CPU.Build.0 = Release|Any CPU
	EndGlobalSection
	GlobalSection(SolutionProperties) = preSolution
		HideSolutionNode = FALSE
	EndGlobalSection
	GlobalSection(NestedProjects) = preSolution
		{4C0CFE72-BCE5-4729-8BE0-B98C40266D68} = {75FF325C-6D79-4DC0-BACE-701A7A34504F}
		{912790F1-0DDA-4F9E-9B79-1105471FE3FF} = {0BD1EAEC-AF93-45C3-96E8-2D51BB6ED095}
		{0677B398-3D62-45D2-9788-867675F113E6} = {0BD1EAEC-AF93-45C3-96E8-2D51BB6ED095}
		{5C561B26-0D08-41DE-82FD-EE3EC0DC3318} = {B71F6B94-2EF8-4160-ADD1-663DC4342341}
		{FACDA6FD-FED9-4C3D-BE55-C68195C7455B} = {B71F6B94-2EF8-4160-ADD1-663DC4342341}
		{D1148B36-1D95-4F5F-A30C-F7263C937ED0} = {0BD1EAEC-AF93-45C3-96E8-2D51BB6ED095}
		{09CEACE7-CFD1-404A-854A-4700D713F7EC} = {0BD1EAEC-AF93-45C3-96E8-2D51BB6ED095}
		{0BD1EAEC-AF93-45C3-96E8-2D51BB6ED095} = {D158B148-2C09-481A-8FA3-C33FD91317E7}
		{B71F6B94-2EF8-4160-ADD1-663DC4342341} = {D158B148-2C09-481A-8FA3-C33FD91317E7}
	EndGlobalSection
EndGlobal
